
Microsoft Visual Studio Solution File, Format Version 12.00
# Visual Studio 2012
Project("{FAE04EC0-301F-11D3-BF4B-00C04F79EFBC}") = "FamilyConsole", "FamilyConsole\FamilyConsole.csproj", "{A2715F51-23D4-4E80-B8AA-E82F0EE3A7DC}"
EndProject
Global
	GlobalSection(SolutionConfigurationPlatforms) = preSolution
		Debug|Any CPU = Debug|Any CPU
		Debug|Mixed Platforms = Debug|Mixed Platforms
		Debug|Win32 = Debug|Win32
		Release|Any CPU = Release|Any CPU
		Release|Mixed Platforms = Release|Mixed Platforms
		Release|Win32 = Release|Win32
	EndGlobalSection
	GlobalSection(ProjectConfigurationPlatforms) = postSolution
		{A2715F51-23D4-4E80-B8AA-E82F0EE3A7DC}.Debug|Any CPU.ActiveCfg = Debug|Any CPU
		{A2715F51-23D4-4E80-B8AA-E82F0EE3A7DC}.Debug|Any CPU.Build.0 = Debug|Any CPU
		{A2715F51-23D4-4E80-B8AA-E82F0EE3A7DC}.Debug|Mixed Platforms.ActiveCfg = Debug|Any CPU
		{A2715F51-23D4-4E80-B8AA-E82F0EE3A7DC}.Debug|Mixed Platforms.Build.0 = Debug|Any CPU
		{A2715F51-23D4-4E80-B8AA-E82F0EE3A7DC}.Debug|Win32.ActiveCfg = Debug|Any CPU
		{A2715F51-23D4-4E80-B8AA-E82F0EE3A7DC}.Release|Any CPU.ActiveCfg = Release|Any CPU
		{A2715F51-23D4-4E80-B8AA-E82F0EE3A7DC}.Release|Any CPU.Build.0 = Release|Any CPU
		{A2715F51-23D4-4E80-B8AA-E82F0EE3A7DC}.Release|Mixed Platforms.ActiveCfg = Release|Any CPU
		{A2715F51-23D4-4E80-B8AA-E82F0EE3A7DC}.Release|Mixed Platforms.Build.0 = Release|Any CPU
		{A2715F51-23D4-4E80-B8AA-E82F0EE3A7DC}.Release|Win32.ActiveCfg = Release|Any CPU
	EndGlobalSection
	GlobalSection(SolutionProperties) = preSolution
		HideSolutionNode = FALSE
	EndGlobalSection
EndGlobal
